// !$*UTF8*$!
{
	archiveVersion = 1;
	classes = {
	};
	objectVersion = 55;
	objects = {

/* Begin PBXBuildFile section */
		1F00133A285134CB0020931E /* Double.swift in Sources */ = {isa = PBXBuildFile; fileRef = 1F001339285134CB0020931E /* Double.swift */; };
		1F04762D284E66D200D129E9 /* CircleButtonView.swift in Sources */ = {isa = PBXBuildFile; fileRef = 1F04762C284E66D200D129E9 /* CircleButtonView.swift */; };
		1F04762F284E6FCF00D129E9 /* CircleButtonAnimationView.swift in Sources */ = {isa = PBXBuildFile; fileRef = 1F04762E284E6FCF00D129E9 /* CircleButtonAnimationView.swift */; };
		1F0A8476284E290900DA341F /* Color.swift in Sources */ = {isa = PBXBuildFile; fileRef = 1F0A8475284E290800DA341F /* Color.swift */; };
		1F0A847C284E2D6B00DA341F /* HomeView.swift in Sources */ = {isa = PBXBuildFile; fileRef = 1F0A847B284E2D6B00DA341F /* HomeView.swift */; };
		1F16EBDA28525AB1005986E4 /* CoinDataService.swift in Sources */ = {isa = PBXBuildFile; fileRef = 1F16EBD928525AB1005986E4 /* CoinDataService.swift */; };
		1F2E533B2854B5E4006309A7 /* CoinImageView.swift in Sources */ = {isa = PBXBuildFile; fileRef = 1F2E533A2854B5E4006309A7 /* CoinImageView.swift */; };
		1F2E533D2854BCC5006309A7 /* CoinImageService.swift in Sources */ = {isa = PBXBuildFile; fileRef = 1F2E533C2854BCC5006309A7 /* CoinImageService.swift */; };
		1F313AC828524A2300FA923F /* HomeViewModel.swift in Sources */ = {isa = PBXBuildFile; fileRef = 1F313AC728524A2300FA923F /* HomeViewModel.swift */; };
		1F6A691E284FC1F800CEDDB7 /* CoinModel.swift in Sources */ = {isa = PBXBuildFile; fileRef = 1F6A691D284FC1F800CEDDB7 /* CoinModel.swift */; };
		1F6E1237284E26AE008F15BB /* CryptoTrackerApp.swift in Sources */ = {isa = PBXBuildFile; fileRef = 1F6E1236284E26AE008F15BB /* CryptoTrackerApp.swift */; };
		1F6E1239284E26AE008F15BB /* ContentView.swift in Sources */ = {isa = PBXBuildFile; fileRef = 1F6E1238284E26AE008F15BB /* ContentView.swift */; };
		1F6E123B284E26AE008F15BB /* Assets.xcassets in Resources */ = {isa = PBXBuildFile; fileRef = 1F6E123A284E26AE008F15BB /* Assets.xcassets */; };
		1F6E123E284E26AE008F15BB /* Preview Assets.xcassets in Resources */ = {isa = PBXBuildFile; fileRef = 1F6E123D284E26AE008F15BB /* Preview Assets.xcassets */; };
		1F7D7F1A2857A29000D1E4EF /* LocalFileManager.swift in Sources */ = {isa = PBXBuildFile; fileRef = 1F7D7F192857A29000D1E4EF /* LocalFileManager.swift */; };
		1F9216482850E8A20065D3A3 /* CoinRowView.swift in Sources */ = {isa = PBXBuildFile; fileRef = 1F9216472850E8A20065D3A3 /* CoinRowView.swift */; };
		1F92164A2850E91D0065D3A3 /* PreviewProvider.swift in Sources */ = {isa = PBXBuildFile; fileRef = 1F9216492850E91D0065D3A3 /* PreviewProvider.swift */; };
		1FE1557D2853D00700674860 /* NetworkingManager.swift in Sources */ = {isa = PBXBuildFile; fileRef = 1FE1557C2853D00700674860 /* NetworkingManager.swift */; };
		1FF14DDE2854E9E90012008A /* CoinImageViewModel.swift in Sources */ = {isa = PBXBuildFile; fileRef = 1FF14DDD2854E9E90012008A /* CoinImageViewModel.swift */; };
		1FF2B58F2858B2BB00FDB7C8 /* SearchBarView.swift in Sources */ = {isa = PBXBuildFile; fileRef = 1FF2B58E2858B2BB00FDB7C8 /* SearchBarView.swift */; };
		1FF2B5912859050C00FDB7C8 /* UIApplication.swift in Sources */ = {isa = PBXBuildFile; fileRef = 1FF2B5902859050C00FDB7C8 /* UIApplication.swift */; };
/* End PBXBuildFile section */

/* Begin PBXFileReference section */
		1F001339285134CB0020931E /* Double.swift */ = {isa = PBXFileReference; lastKnownFileType = sourcecode.swift; path = Double.swift; sourceTree = "<group>"; };
		1F04762C284E66D200D129E9 /* CircleButtonView.swift */ = {isa = PBXFileReference; lastKnownFileType = sourcecode.swift; path = CircleButtonView.swift; sourceTree = "<group>"; };
		1F04762E284E6FCF00D129E9 /* CircleButtonAnimationView.swift */ = {isa = PBXFileReference; lastKnownFileType = sourcecode.swift; path = CircleButtonAnimationView.swift; sourceTree = "<group>"; };
		1F0A8475284E290800DA341F /* Color.swift */ = {isa = PBXFileReference; lastKnownFileType = sourcecode.swift; path = Color.swift; sourceTree = "<group>"; };
		1F0A847B284E2D6B00DA341F /* HomeView.swift */ = {isa = PBXFileReference; lastKnownFileType = sourcecode.swift; path = HomeView.swift; sourceTree = "<group>"; };
		1F16EBD928525AB1005986E4 /* CoinDataService.swift */ = {isa = PBXFileReference; lastKnownFileType = sourcecode.swift; path = CoinDataService.swift; sourceTree = "<group>"; };
		1F2E533A2854B5E4006309A7 /* CoinImageView.swift */ = {isa = PBXFileReference; lastKnownFileType = sourcecode.swift; path = CoinImageView.swift; sourceTree = "<group>"; };
		1F2E533C2854BCC5006309A7 /* CoinImageService.swift */ = {isa = PBXFileReference; lastKnownFileType = sourcecode.swift; path = CoinImageService.swift; sourceTree = "<group>"; };
		1F313AC728524A2300FA923F /* HomeViewModel.swift */ = {isa = PBXFileReference; lastKnownFileType = sourcecode.swift; path = HomeViewModel.swift; sourceTree = "<group>"; };
		1F6A691D284FC1F800CEDDB7 /* CoinModel.swift */ = {isa = PBXFileReference; lastKnownFileType = sourcecode.swift; path = CoinModel.swift; sourceTree = "<group>"; };
		1F6E1233284E26AE008F15BB /* CryptoTracker.app */ = {isa = PBXFileReference; explicitFileType = wrapper.application; includeInIndex = 0; path = CryptoTracker.app; sourceTree = BUILT_PRODUCTS_DIR; };
		1F6E1236284E26AE008F15BB /* CryptoTrackerApp.swift */ = {isa = PBXFileReference; lastKnownFileType = sourcecode.swift; path = CryptoTrackerApp.swift; sourceTree = "<group>"; };
		1F6E1238284E26AE008F15BB /* ContentView.swift */ = {isa = PBXFileReference; lastKnownFileType = sourcecode.swift; path = ContentView.swift; sourceTree = "<group>"; };
		1F6E123A284E26AE008F15BB /* Assets.xcassets */ = {isa = PBXFileReference; lastKnownFileType = folder.assetcatalog; path = Assets.xcassets; sourceTree = "<group>"; };
		1F6E123D284E26AE008F15BB /* Preview Assets.xcassets */ = {isa = PBXFileReference; lastKnownFileType = folder.assetcatalog; path = "Preview Assets.xcassets"; sourceTree = "<group>"; };
		1F7D7F192857A29000D1E4EF /* LocalFileManager.swift */ = {isa = PBXFileReference; lastKnownFileType = sourcecode.swift; path = LocalFileManager.swift; sourceTree = "<group>"; };
		1F9216472850E8A20065D3A3 /* CoinRowView.swift */ = {isa = PBXFileReference; lastKnownFileType = sourcecode.swift; path = CoinRowView.swift; sourceTree = "<group>"; };
		1F9216492850E91D0065D3A3 /* PreviewProvider.swift */ = {isa = PBXFileReference; lastKnownFileType = sourcecode.swift; path = PreviewProvider.swift; sourceTree = "<group>"; };
		1FE1557C2853D00700674860 /* NetworkingManager.swift */ = {isa = PBXFileReference; lastKnownFileType = sourcecode.swift; path = NetworkingManager.swift; sourceTree = "<group>"; };
		1FF14DDD2854E9E90012008A /* CoinImageViewModel.swift */ = {isa = PBXFileReference; lastKnownFileType = sourcecode.swift; path = CoinImageViewModel.swift; sourceTree = "<group>"; };
		1FF2B58E2858B2BB00FDB7C8 /* SearchBarView.swift */ = {isa = PBXFileReference; lastKnownFileType = sourcecode.swift; path = SearchBarView.swift; sourceTree = "<group>"; };
		1FF2B5902859050C00FDB7C8 /* UIApplication.swift */ = {isa = PBXFileReference; lastKnownFileType = sourcecode.swift; path = UIApplication.swift; sourceTree = "<group>"; };
/* End PBXFileReference section */

/* Begin PBXFrameworksBuildPhase section */
		1F6E1230284E26AE008F15BB /* Frameworks */ = {
			isa = PBXFrameworksBuildPhase;
			buildActionMask = 2147483647;
			files = (
			);
			runOnlyForDeploymentPostprocessing = 0;
		};
/* End PBXFrameworksBuildPhase section */

/* Begin PBXGroup section */
		1F04762B284E668200D129E9 /* CircleButton */ = {
			isa = PBXGroup;
			children = (
				1F04762C284E66D200D129E9 /* CircleButtonView.swift */,
				1F04762E284E6FCF00D129E9 /* CircleButtonAnimationView.swift */,
			);
			path = CircleButton;
			sourceTree = "<group>";
		};
		1F0A8474284E28F200DA341F /* Extensions */ = {
			isa = PBXGroup;
			children = (
				1F0A8475284E290800DA341F /* Color.swift */,
				1F9216492850E91D0065D3A3 /* PreviewProvider.swift */,
				1F001339285134CB0020931E /* Double.swift */,
				1FF2B5902859050C00FDB7C8 /* UIApplication.swift */,
			);
			path = Extensions;
			sourceTree = "<group>";
		};
		1F0A8477284E2CE800DA341F /* Core */ = {
			isa = PBXGroup;
			children = (
				1F0A847D284E2EBB00DA341F /* Components */,
				1F0A8478284E2D1000DA341F /* Home */,
			);
			path = Core;
			sourceTree = "<group>";
		};
		1F0A8478284E2D1000DA341F /* Home */ = {
			isa = PBXGroup;
			children = (
				1F0A847A284E2D5600DA341F /* Views */,
				1F0A8479284E2D3F00DA341F /* ViewVodel */,
			);
			path = Home;
			sourceTree = "<group>";
		};
		1F0A8479284E2D3F00DA341F /* ViewVodel */ = {
			isa = PBXGroup;
			children = (
				1F313AC728524A2300FA923F /* HomeViewModel.swift */,
			);
			path = ViewVodel;
			sourceTree = "<group>";
		};
		1F0A847A284E2D5600DA341F /* Views */ = {
			isa = PBXGroup;
			children = (
				1F0A847B284E2D6B00DA341F /* HomeView.swift */,
				1F9216472850E8A20065D3A3 /* CoinRowView.swift */,
			);
			path = Views;
			sourceTree = "<group>";
		};
		1F0A847D284E2EBB00DA341F /* Components */ = {
			isa = PBXGroup;
			children = (
				1F2E53392854B5C0006309A7 /* CoinImage */,
				1F04762B284E668200D129E9 /* CircleButton */,
				1FF2B58E2858B2BB00FDB7C8 /* SearchBarView.swift */,
			);
			path = Components;
			sourceTree = "<group>";
		};
		1F16EBD828525A57005986E4 /* Services */ = {
			isa = PBXGroup;
			children = (
				1F16EBD928525AB1005986E4 /* CoinDataService.swift */,
				1F2E533C2854BCC5006309A7 /* CoinImageService.swift */,
			);
			path = Services;
			sourceTree = "<group>";
		};
		1F2E53392854B5C0006309A7 /* CoinImage */ = {
			isa = PBXGroup;
			children = (
				1F2E533A2854B5E4006309A7 /* CoinImageView.swift */,
				1FF14DDD2854E9E90012008A /* CoinImageViewModel.swift */,
			);
			path = CoinImage;
			sourceTree = "<group>";
		};
		1F6A691C284FC1DA00CEDDB7 /* Models */ = {
			isa = PBXGroup;
			children = (
				1F6A691D284FC1F800CEDDB7 /* CoinModel.swift */,
			);
			path = Models;
			sourceTree = "<group>";
		};
		1F6E122A284E26AE008F15BB = {
			isa = PBXGroup;
			children = (
				1F6E1235284E26AE008F15BB /* CryptoTracker */,
				1F6E1234284E26AE008F15BB /* Products */,
			);
			sourceTree = "<group>";
		};
		1F6E1234284E26AE008F15BB /* Products */ = {
			isa = PBXGroup;
			children = (
				1F6E1233284E26AE008F15BB /* CryptoTracker.app */,
			);
			name = Products;
			sourceTree = "<group>";
		};
		1F6E1235284E26AE008F15BB /* CryptoTracker */ = {
			isa = PBXGroup;
			children = (
				1F6E1236284E26AE008F15BB /* CryptoTrackerApp.swift */,
				1FE1557B2853CF7A00674860 /* Utilities */,
				1F0A8474284E28F200DA341F /* Extensions */,
				1F16EBD828525A57005986E4 /* Services */,
				1F6A691C284FC1DA00CEDDB7 /* Models */,
				1F0A8477284E2CE800DA341F /* Core */,
				1F6E1238284E26AE008F15BB /* ContentView.swift */,
				1F6E123A284E26AE008F15BB /* Assets.xcassets */,
				1F6E123C284E26AE008F15BB /* Preview Content */,
			);
			path = CryptoTracker;
			sourceTree = "<group>";
		};
		1F6E123C284E26AE008F15BB /* Preview Content */ = {
			isa = PBXGroup;
			children = (
				1F6E123D284E26AE008F15BB /* Preview Assets.xcassets */,
			);
			path = "Preview Content";
			sourceTree = "<group>";
		};
		1FE1557B2853CF7A00674860 /* Utilities */ = {
			isa = PBXGroup;
			children = (
				1FE1557C2853D00700674860 /* NetworkingManager.swift */,
				1F7D7F192857A29000D1E4EF /* LocalFileManager.swift */,
			);
			path = Utilities;
			sourceTree = "<group>";
		};
/* End PBXGroup section */

/* Begin PBXNativeTarget section */
		1F6E1232284E26AE008F15BB /* CryptoTracker */ = {
			isa = PBXNativeTarget;
			buildConfigurationList = 1F6E1241284E26AE008F15BB /* Build configuration list for PBXNativeTarget "CryptoTracker" */;
			buildPhases = (
				1F6E122F284E26AE008F15BB /* Sources */,
				1F6E1230284E26AE008F15BB /* Frameworks */,
				1F6E1231284E26AE008F15BB /* Resources */,
			);
			buildRules = (
			);
			dependencies = (
			);
			name = CryptoTracker;
			productName = CryptoTracker;
			productReference = 1F6E1233284E26AE008F15BB /* CryptoTracker.app */;
			productType = "com.apple.product-type.application";
		};
/* End PBXNativeTarget section */

/* Begin PBXProject section */
		1F6E122B284E26AE008F15BB /* Project object */ = {
			isa = PBXProject;
			attributes = {
				BuildIndependentTargetsInParallel = 1;
				LastSwiftUpdateCheck = 1310;
				LastUpgradeCheck = 1310;
				TargetAttributes = {
					1F6E1232284E26AE008F15BB = {
						CreatedOnToolsVersion = 13.1;
					};
				};
			};
			buildConfigurationList = 1F6E122E284E26AE008F15BB /* Build configuration list for PBXProject "CryptoTracker" */;
			compatibilityVersion = "Xcode 13.0";
			developmentRegion = en;
			hasScannedForEncodings = 0;
			knownRegions = (
				en,
				Base,
			);
			mainGroup = 1F6E122A284E26AE008F15BB;
			productRefGroup = 1F6E1234284E26AE008F15BB /* Products */;
			projectDirPath = "";
			projectRoot = "";
			targets = (
				1F6E1232284E26AE008F15BB /* CryptoTracker */,
			);
		};
/* End PBXProject section */

/* Begin PBXResourcesBuildPhase section */
		1F6E1231284E26AE008F15BB /* Resources */ = {
			isa = PBXResourcesBuildPhase;
			buildActionMask = 2147483647;
			files = (
				1F6E123E284E26AE008F15BB /* Preview Assets.xcassets in Resources */,
				1F6E123B284E26AE008F15BB /* Assets.xcassets in Resources */,
			);
			runOnlyForDeploymentPostprocessing = 0;
		};
/* End PBXResourcesBuildPhase section */

/* Begin PBXSourcesBuildPhase section */
		1F6E122F284E26AE008F15BB /* Sources */ = {
			isa = PBXSourcesBuildPhase;
			buildActionMask = 2147483647;
			files = (
				1F16EBDA28525AB1005986E4 /* CoinDataService.swift in Sources */,
				1F9216482850E8A20065D3A3 /* CoinRowView.swift in Sources */,
				1F313AC828524A2300FA923F /* HomeViewModel.swift in Sources */,
				1F6E1239284E26AE008F15BB /* ContentView.swift in Sources */,
				1F7D7F1A2857A29000D1E4EF /* LocalFileManager.swift in Sources */,
				1F0A847C284E2D6B00DA341F /* HomeView.swift in Sources */,
				1F2E533B2854B5E4006309A7 /* CoinImageView.swift in Sources */,
				1F6E1237284E26AE008F15BB /* CryptoTrackerApp.swift in Sources */,
				1FF2B5912859050C00FDB7C8 /* UIApplication.swift in Sources */,
				1F04762D284E66D200D129E9 /* CircleButtonView.swift in Sources */,
				1F0A8476284E290900DA341F /* Color.swift in Sources */,
				1FF2B58F2858B2BB00FDB7C8 /* SearchBarView.swift in Sources */,
				1FE1557D2853D00700674860 /* NetworkingManager.swift in Sources */,
				1F04762F284E6FCF00D129E9 /* CircleButtonAnimationView.swift in Sources */,
				1FF14DDE2854E9E90012008A /* CoinImageViewModel.swift in Sources */,
				1F92164A2850E91D0065D3A3 /* PreviewProvider.swift in Sources */,
				1F00133A285134CB0020931E /* Double.swift in Sources */,
				1F2E533D2854BCC5006309A7 /* CoinImageService.swift in Sources */,
				1F6A691E284FC1F800CEDDB7 /* CoinModel.swift in Sources */,
			);
			runOnlyForDeploymentPostprocessing = 0;
		};
/* End PBXSourcesBuildPhase section */

/* Begin XCBuildConfiguration section */
		1F6E123F284E26AE008F15BB /* Debug */ = {
			isa = XCBuildConfiguration;
			buildSettings = {
				ALWAYS_SEARCH_USER_PATHS = NO;
				CLANG_ANALYZER_NONNULL = YES;
				CLANG_ANALYZER_NUMBER_OBJECT_CONVERSION = YES_AGGRESSIVE;
				CLANG_CXX_LANGUAGE_STANDARD = "gnu++17";
				CLANG_CXX_LIBRARY = "libc++";
				CLANG_ENABLE_MODULES = YES;
				CLANG_ENABLE_OBJC_ARC = YES;
				CLANG_ENABLE_OBJC_WEAK = YES;
				CLANG_WARN_BLOCK_CAPTURE_AUTORELEASING = YES;
				CLANG_WARN_BOOL_CONVERSION = YES;
				CLANG_WARN_COMMA = YES;
				CLANG_WARN_CONSTANT_CONVERSION = YES;
				CLANG_WARN_DEPRECATED_OBJC_IMPLEMENTATIONS = YES;
				CLANG_WARN_DIRECT_OBJC_ISA_USAGE = YES_ERROR;
				CLANG_WARN_DOCUMENTATION_COMMENTS = YES;
				CLANG_WARN_EMPTY_BODY = YES;
				CLANG_WARN_ENUM_CONVERSION = YES;
				CLANG_WARN_INFINITE_RECURSION = YES;
				CLANG_WARN_INT_CONVERSION = YES;
				CLANG_WARN_NON_LITERAL_NULL_CONVERSION = YES;
				CLANG_WARN_OBJC_IMPLICIT_RETAIN_SELF = YES;
				CLANG_WARN_OBJC_LITERAL_CONVERSION = YES;
				CLANG_WARN_OBJC_ROOT_CLASS = YES_ERROR;
				CLANG_WARN_QUOTED_INCLUDE_IN_FRAMEWORK_HEADER = YES;
				CLANG_WARN_RANGE_LOOP_ANALYSIS = YES;
				CLANG_WARN_STRICT_PROTOTYPES = YES;
				CLANG_WARN_SUSPICIOUS_MOVE = YES;
				CLANG_WARN_UNGUARDED_AVAILABILITY = YES_AGGRESSIVE;
				CLANG_WARN_UNREACHABLE_CODE = YES;
				CLANG_WARN__DUPLICATE_METHOD_MATCH = YES;
				COPY_PHASE_STRIP = NO;
				DEBUG_INFORMATION_FORMAT = dwarf;
				ENABLE_STRICT_OBJC_MSGSEND = YES;
				ENABLE_TESTABILITY = YES;
				GCC_C_LANGUAGE_STANDARD = gnu11;
				GCC_DYNAMIC_NO_PIC = NO;
				GCC_NO_COMMON_BLOCKS = YES;
				GCC_OPTIMIZATION_LEVEL = 0;
				GCC_PREPROCESSOR_DEFINITIONS = (
					"DEBUG=1",
					"$(inherited)",
				);
				GCC_WARN_64_TO_32_BIT_CONVERSION = YES;
				GCC_WARN_ABOUT_RETURN_TYPE = YES_ERROR;
				GCC_WARN_UNDECLARED_SELECTOR = YES;
				GCC_WARN_UNINITIALIZED_AUTOS = YES_AGGRESSIVE;
				GCC_WARN_UNUSED_FUNCTION = YES;
				GCC_WARN_UNUSED_VARIABLE = YES;
				IPHONEOS_DEPLOYMENT_TARGET = 15.0;
				MTL_ENABLE_DEBUG_INFO = INCLUDE_SOURCE;
				MTL_FAST_MATH = YES;
				ONLY_ACTIVE_ARCH = YES;
				SDKROOT = iphoneos;
				SWIFT_ACTIVE_COMPILATION_CONDITIONS = DEBUG;
				SWIFT_OPTIMIZATION_LEVEL = "-Onone";
			};
			name = Debug;
		};
		1F6E1240284E26AE008F15BB /* Release */ = {
			isa = XCBuildConfiguration;
			buildSettings = {
				ALWAYS_SEARCH_USER_PATHS = NO;
				CLANG_ANALYZER_NONNULL = YES;
				CLANG_ANALYZER_NUMBER_OBJECT_CONVERSION = YES_AGGRESSIVE;
				CLANG_CXX_LANGUAGE_STANDARD = "gnu++17";
				CLANG_CXX_LIBRARY = "libc++";
				CLANG_ENABLE_MODULES = YES;
				CLANG_ENABLE_OBJC_ARC = YES;
				CLANG_ENABLE_OBJC_WEAK = YES;
				CLANG_WARN_BLOCK_CAPTURE_AUTORELEASING = YES;
				CLANG_WARN_BOOL_CONVERSION = YES;
				CLANG_WARN_COMMA = YES;
				CLANG_WARN_CONSTANT_CONVERSION = YES;
				CLANG_WARN_DEPRECATED_OBJC_IMPLEMENTATIONS = YES;
				CLANG_WARN_DIRECT_OBJC_ISA_USAGE = YES_ERROR;
				CLANG_WARN_DOCUMENTATION_COMMENTS = YES;
				CLANG_WARN_EMPTY_BODY = YES;
				CLANG_WARN_ENUM_CONVERSION = YES;
				CLANG_WARN_INFINITE_RECURSION = YES;
				CLANG_WARN_INT_CONVERSION = YES;
				CLANG_WARN_NON_LITERAL_NULL_CONVERSION = YES;
				CLANG_WARN_OBJC_IMPLICIT_RETAIN_SELF = YES;
				CLANG_WARN_OBJC_LITERAL_CONVERSION = YES;
				CLANG_WARN_OBJC_ROOT_CLASS = YES_ERROR;
				CLANG_WARN_QUOTED_INCLUDE_IN_FRAMEWORK_HEADER = YES;
				CLANG_WARN_RANGE_LOOP_ANALYSIS = YES;
				CLANG_WARN_STRICT_PROTOTYPES = YES;
				CLANG_WARN_SUSPICIOUS_MOVE = YES;
				CLANG_WARN_UNGUARDED_AVAILABILITY = YES_AGGRESSIVE;
				CLANG_WARN_UNREACHABLE_CODE = YES;
				CLANG_WARN__DUPLICATE_METHOD_MATCH = YES;
				COPY_PHASE_STRIP = NO;
				DEBUG_INFORMATION_FORMAT = "dwarf-with-dsym";
				ENABLE_NS_ASSERTIONS = NO;
				ENABLE_STRICT_OBJC_MSGSEND = YES;
				GCC_C_LANGUAGE_STANDARD = gnu11;
				GCC_NO_COMMON_BLOCKS = YES;
				GCC_WARN_64_TO_32_BIT_CONVERSION = YES;
				GCC_WARN_ABOUT_RETURN_TYPE = YES_ERROR;
				GCC_WARN_UNDECLARED_SELECTOR = YES;
				GCC_WARN_UNINITIALIZED_AUTOS = YES_AGGRESSIVE;
				GCC_WARN_UNUSED_FUNCTION = YES;
				GCC_WARN_UNUSED_VARIABLE = YES;
				IPHONEOS_DEPLOYMENT_TARGET = 15.0;
				MTL_ENABLE_DEBUG_INFO = NO;
				MTL_FAST_MATH = YES;
				SDKROOT = iphoneos;
				SWIFT_COMPILATION_MODE = wholemodule;
				SWIFT_OPTIMIZATION_LEVEL = "-O";
				VALIDATE_PRODUCT = YES;
			};
			name = Release;
		};
		1F6E1242284E26AE008F15BB /* Debug */ = {
			isa = XCBuildConfiguration;
			buildSettings = {
				ASSETCATALOG_COMPILER_APPICON_NAME = AppIcon;
				ASSETCATALOG_COMPILER_GLOBAL_ACCENT_COLOR_NAME = AccentColor;
				CODE_SIGN_STYLE = Automatic;
				CURRENT_PROJECT_VERSION = 1;
				DEVELOPMENT_ASSET_PATHS = "\"CryptoTracker/Preview Content\"";
				DEVELOPMENT_TEAM = 5QAZ87AC89;
				ENABLE_PREVIEWS = YES;
				GENERATE_INFOPLIST_FILE = YES;
				INFOPLIST_KEY_UIApplicationSceneManifest_Generation = YES;
				INFOPLIST_KEY_UIApplicationSupportsIndirectInputEvents = YES;
				INFOPLIST_KEY_UILaunchScreen_Generation = YES;
				INFOPLIST_KEY_UISupportedInterfaceOrientations_iPad = "UIInterfaceOrientationPortrait UIInterfaceOrientationPortraitUpsideDown UIInterfaceOrientationLandscapeLeft UIInterfaceOrientationLandscapeRight";
				INFOPLIST_KEY_UISupportedInterfaceOrientations_iPhone = "UIInterfaceOrientationPortrait UIInterfaceOrientationLandscapeLeft UIInterfaceOrientationLandscapeRight";
				LD_RUNPATH_SEARCH_PATHS = (
					"$(inherited)",
					"@executable_path/Frameworks",
				);
				MARKETING_VERSION = 1.0;
				PRODUCT_BUNDLE_IDENTIFIER = com.alexandraKozlova.CryptoTracker;
				PRODUCT_NAME = "$(TARGET_NAME)";
				SWIFT_EMIT_LOC_STRINGS = YES;
				SWIFT_VERSION = 5.0;
				TARGETED_DEVICE_FAMILY = "1,2";
			};
			name = Debug;
		};
		1F6E1243284E26AE008F15BB /* Release */ = {
			isa = XCBuildConfiguration;
			buildSettings = {
				ASSETCATALOG_COMPILER_APPICON_NAME = AppIcon;
				ASSETCATALOG_COMPILER_GLOBAL_ACCENT_COLOR_NAME = AccentColor;
				CODE_SIGN_STYLE = Automatic;
				CURRENT_PROJECT_VERSION = 1;
				DEVELOPMENT_ASSET_PATHS = "\"CryptoTracker/Preview Content\"";
				DEVELOPMENT_TEAM = 5QAZ87AC89;
				ENABLE_PREVIEWS = YES;
				GENERATE_INFOPLIST_FILE = YES;
				INFOPLIST_KEY_UIApplicationSceneManifest_Generation = YES;
				INFOPLIST_KEY_UIApplicationSupportsIndirectInputEvents = YES;
				INFOPLIST_KEY_UILaunchScreen_Generation = YES;
				INFOPLIST_KEY_UISupportedInterfaceOrientations_iPad = "UIInterfaceOrientationPortrait UIInterfaceOrientationPortraitUpsideDown UIInterfaceOrientationLandscapeLeft UIInterfaceOrientationLandscapeRight";
				INFOPLIST_KEY_UISupportedInterfaceOrientations_iPhone = "UIInterfaceOrientationPortrait UIInterfaceOrientationLandscapeLeft UIInterfaceOrientationLandscapeRight";
				LD_RUNPATH_SEARCH_PATHS = (
					"$(inherited)",
					"@executable_path/Frameworks",
				);
				MARKETING_VERSION = 1.0;
				PRODUCT_BUNDLE_IDENTIFIER = com.alexandraKozlova.CryptoTracker;
				PRODUCT_NAME = "$(TARGET_NAME)";
				SWIFT_EMIT_LOC_STRINGS = YES;
				SWIFT_VERSION = 5.0;
				TARGETED_DEVICE_FAMILY = "1,2";
			};
			name = Release;
		};
/* End XCBuildConfiguration section */

/* Begin XCConfigurationList section */
		1F6E122E284E26AE008F15BB /* Build configuration list for PBXProject "CryptoTracker" */ = {
			isa = XCConfigurationList;
			buildConfigurations = (
				1F6E123F284E26AE008F15BB /* Debug */,
				1F6E1240284E26AE008F15BB /* Release */,
			);
			defaultConfigurationIsVisible = 0;
			defaultConfigurationName = Release;
		};
		1F6E1241284E26AE008F15BB /* Build configuration list for PBXNativeTarget "CryptoTracker" */ = {
			isa = XCConfigurationList;
			buildConfigurations = (
				1F6E1242284E26AE008F15BB /* Debug */,
				1F6E1243284E26AE008F15BB /* Release */,
			);
			defaultConfigurationIsVisible = 0;
			defaultConfigurationName = Release;
		};
/* End XCConfigurationList section */
	};
	rootObject = 1F6E122B284E26AE008F15BB /* Project object */;
}
